// !$*UTF8*$!
{
	archiveVersion = 1;
	classes = {
	};
	objectVersion = 54;
	objects = {

/* Begin PBXBuildFile section */
		492EAF1325B7650E000EFB1E /* MovieCell.swift in Sources */ = {isa = PBXBuildFile; fileRef = 492EAF1225B7650E000EFB1E /* MovieCell.swift */; };
		4977184F25B838CA00C7A806 /* RemoteImageDataLoader.swift in Sources */ = {isa = PBXBuildFile; fileRef = 4977184E25B838CA00C7A806 /* RemoteImageDataLoader.swift */; };
		4977185525B866E500C7A806 /* MovieDetailsViewController.swift in Sources */ = {isa = PBXBuildFile; fileRef = 4977185425B866E500C7A806 /* MovieDetailsViewController.swift */; };
		4977187225B8778700C7A806 /* MovieDetailsView.swift in Sources */ = {isa = PBXBuildFile; fileRef = 4977187125B8778700C7A806 /* MovieDetailsView.swift */; };
		4977187425B87EE900C7A806 /* TMDBURLs.swift in Sources */ = {isa = PBXBuildFile; fileRef = 4977187325B87EE900C7A806 /* TMDBURLs.swift */; };
		4977187725B88F9C00C7A806 /* Localizable.strings in Resources */ = {isa = PBXBuildFile; fileRef = 4977187925B88F9C00C7A806 /* Localizable.strings */; };
		4977187B25B8916700C7A806 /* L10n.swift in Sources */ = {isa = PBXBuildFile; fileRef = 4977187A25B8916700C7A806 /* L10n.swift */; };
		4977187E25B89C1B00C7A806 /* MovieListPresenterTests.swift in Sources */ = {isa = PBXBuildFile; fileRef = 4977187D25B89C1B00C7A806 /* MovieListPresenterTests.swift */; };
		49BC45D325B77AE9001CBE46 /* URLSessionHTTPClient.swift in Sources */ = {isa = PBXBuildFile; fileRef = 49BC45D225B77AE9001CBE46 /* URLSessionHTTPClient.swift */; };
		49BC45D525B77BCC001CBE46 /* MovieListPresenter.swift in Sources */ = {isa = PBXBuildFile; fileRef = 49BC45D425B77BCC001CBE46 /* MovieListPresenter.swift */; };
		49BC45D725B77BEC001CBE46 /* MovieListViewModel.swift in Sources */ = {isa = PBXBuildFile; fileRef = 49BC45D625B77BEC001CBE46 /* MovieListViewModel.swift */; };
		49BC45DA25B7842D001CBE46 /* MovieListUIComposer.swift in Sources */ = {isa = PBXBuildFile; fileRef = 49BC45D925B7842D001CBE46 /* MovieListUIComposer.swift */; };
		49BC45DC25B7845B001CBE46 /* MovieListLoaderPresentationAdapter.swift in Sources */ = {isa = PBXBuildFile; fileRef = 49BC45DB25B7845B001CBE46 /* MovieListLoaderPresentationAdapter.swift */; };
		49BC45E025B795B8001CBE46 /* ImageDateLoader.swift in Sources */ = {isa = PBXBuildFile; fileRef = 49BC45DF25B795B8001CBE46 /* ImageDateLoader.swift */; };
		49CE7AE725B483DC00EBAE2A /* AppDelegate.swift in Sources */ = {isa = PBXBuildFile; fileRef = 49CE7AE625B483DC00EBAE2A /* AppDelegate.swift */; };
		49CE7AEB25B483DC00EBAE2A /* MovieListViewController.swift in Sources */ = {isa = PBXBuildFile; fileRef = 49CE7AEA25B483DC00EBAE2A /* MovieListViewController.swift */; };
		49CE7AF025B483DD00EBAE2A /* Assets.xcassets in Resources */ = {isa = PBXBuildFile; fileRef = 49CE7AEF25B483DD00EBAE2A /* Assets.xcassets */; };
		49CE7AF325B483DD00EBAE2A /* LaunchScreen.storyboard in Resources */ = {isa = PBXBuildFile; fileRef = 49CE7AF125B483DD00EBAE2A /* LaunchScreen.storyboard */; };
		49CE7B1725B4858A00EBAE2A /* AppDelegateTests.swift in Sources */ = {isa = PBXBuildFile; fileRef = 49CE7B1625B4858A00EBAE2A /* AppDelegateTests.swift */; };
		49CE7B1925B487D600EBAE2A /* TheMovieAppUITests.swift in Sources */ = {isa = PBXBuildFile; fileRef = 49CE7B1825B487D600EBAE2A /* TheMovieAppUITests.swift */; };
		49D0543725B8B89500ED3CA5 /* SharedTestHelpers.swift in Sources */ = {isa = PBXBuildFile; fileRef = 49D0543625B8B89500ED3CA5 /* SharedTestHelpers.swift */; };
		49D1175225B6726500F8669E /* MovieMapper.swift in Sources */ = {isa = PBXBuildFile; fileRef = 49D1175125B6726500F8669E /* MovieMapper.swift */; };
		49D1175725B705E500F8669E /* MovieList.json in Resources */ = {isa = PBXBuildFile; fileRef = 49D1175525B7039100F8669E /* MovieList.json */; };
		49D1175825B7132C00F8669E /* JSONHelper.swift in Sources */ = {isa = PBXBuildFile; fileRef = 49D1175325B702A400F8669E /* JSONHelper.swift */; };
		49D1175E25B723E900F8669E /* XCTestCase+MemoryLeakTracking.swift in Sources */ = {isa = PBXBuildFile; fileRef = 49D1175D25B723E900F8669E /* XCTestCase+MemoryLeakTracking.swift */; };
		49D1176025B7277A00F8669E /* MovieListDataSource.swift in Sources */ = {isa = PBXBuildFile; fileRef = 49D1175F25B7277A00F8669E /* MovieListDataSource.swift */; };
		49D1176325B72C9A00F8669E /* MovieListDataSourceTests.swift in Sources */ = {isa = PBXBuildFile; fileRef = 49D1176225B72C9A00F8669E /* MovieListDataSourceTests.swift */; };
		49D1176525B72E9B00F8669E /* Date+InitWithFormat.swift in Sources */ = {isa = PBXBuildFile; fileRef = 49D1176425B72E9B00F8669E /* Date+InitWithFormat.swift */; };
		49D1176825B7452100F8669E /* UICollectionView+Utils.swift in Sources */ = {isa = PBXBuildFile; fileRef = 49D1176725B7452100F8669E /* UICollectionView+Utils.swift */; };
		49E7C52625B5BDCB00BC95FB /* TMDBMovie.swift in Sources */ = {isa = PBXBuildFile; fileRef = 49E7C52525B5BDCA00BC95FB /* TMDBMovie.swift */; };
		49E7C52825B5BE1800BC95FB /* TMDBList.swift in Sources */ = {isa = PBXBuildFile; fileRef = 49E7C52725B5BE1800BC95FB /* TMDBList.swift */; };
		49E7C52A25B5BE3800BC95FB /* TMDBGenre.swift in Sources */ = {isa = PBXBuildFile; fileRef = 49E7C52925B5BE3800BC95FB /* TMDBGenre.swift */; };
		49E7C52C25B5C50700BC95FB /* HTTPClient.swift in Sources */ = {isa = PBXBuildFile; fileRef = 49E7C52B25B5C50700BC95FB /* HTTPClient.swift */; };
		49E7C53025B5DBAD00BC95FB /* MovieListLoader.swift in Sources */ = {isa = PBXBuildFile; fileRef = 49E7C52F25B5DBAD00BC95FB /* MovieListLoader.swift */; };
		49E7C53325B5E41900BC95FB /* Movie.swift in Sources */ = {isa = PBXBuildFile; fileRef = 49E7C53225B5E41900BC95FB /* Movie.swift */; };
		49E7C53525B5E4DD00BC95FB /* Genre.swift in Sources */ = {isa = PBXBuildFile; fileRef = 49E7C53425B5E4DC00BC95FB /* Genre.swift */; };
		49E7C53825B5EB6300BC95FB /* RemoteMovieListLoaderTests.swift in Sources */ = {isa = PBXBuildFile; fileRef = 49E7C53725B5EB6300BC95FB /* RemoteMovieListLoaderTests.swift */; };
		49E7C53A25B5EBFF00BC95FB /* RemoteMovieListLoader.swift in Sources */ = {isa = PBXBuildFile; fileRef = 49E7C53925B5EBFF00BC95FB /* RemoteMovieListLoader.swift */; };
/* End PBXBuildFile section */

/* Begin PBXContainerItemProxy section */
		49CE7AFA25B483DD00EBAE2A /* PBXContainerItemProxy */ = {
			isa = PBXContainerItemProxy;
			containerPortal = 49CE7ADB25B483DC00EBAE2A /* Project object */;
			proxyType = 1;
			remoteGlobalIDString = 49CE7AE225B483DC00EBAE2A;
			remoteInfo = TheMovieApp;
		};
		49CE7B0525B483DD00EBAE2A /* PBXContainerItemProxy */ = {
			isa = PBXContainerItemProxy;
			containerPortal = 49CE7ADB25B483DC00EBAE2A /* Project object */;
			proxyType = 1;
			remoteGlobalIDString = 49CE7AE225B483DC00EBAE2A;
			remoteInfo = TheMovieApp;
		};
/* End PBXContainerItemProxy section */

/* Begin PBXFileReference section */
		492EAF1225B7650E000EFB1E /* MovieCell.swift */ = {isa = PBXFileReference; lastKnownFileType = sourcecode.swift; path = MovieCell.swift; sourceTree = "<group>"; };
		4977184E25B838CA00C7A806 /* RemoteImageDataLoader.swift */ = {isa = PBXFileReference; lastKnownFileType = sourcecode.swift; path = RemoteImageDataLoader.swift; sourceTree = "<group>"; };
		4977185425B866E500C7A806 /* MovieDetailsViewController.swift */ = {isa = PBXFileReference; lastKnownFileType = sourcecode.swift; path = MovieDetailsViewController.swift; sourceTree = "<group>"; };
		4977187125B8778700C7A806 /* MovieDetailsView.swift */ = {isa = PBXFileReference; lastKnownFileType = sourcecode.swift; path = MovieDetailsView.swift; sourceTree = "<group>"; };
		4977187325B87EE900C7A806 /* TMDBURLs.swift */ = {isa = PBXFileReference; lastKnownFileType = sourcecode.swift; path = TMDBURLs.swift; sourceTree = "<group>"; };
		4977187825B88F9C00C7A806 /* en */ = {isa = PBXFileReference; lastKnownFileType = text.plist.strings; name = en; path = en.lproj/Localizable.strings; sourceTree = "<group>"; };
		4977187A25B8916700C7A806 /* L10n.swift */ = {isa = PBXFileReference; lastKnownFileType = sourcecode.swift; path = L10n.swift; sourceTree = "<group>"; };
		4977187D25B89C1B00C7A806 /* MovieListPresenterTests.swift */ = {isa = PBXFileReference; lastKnownFileType = sourcecode.swift; path = MovieListPresenterTests.swift; sourceTree = "<group>"; };
		49BC45D225B77AE9001CBE46 /* URLSessionHTTPClient.swift */ = {isa = PBXFileReference; lastKnownFileType = sourcecode.swift; path = URLSessionHTTPClient.swift; sourceTree = "<group>"; };
		49BC45D425B77BCC001CBE46 /* MovieListPresenter.swift */ = {isa = PBXFileReference; lastKnownFileType = sourcecode.swift; path = MovieListPresenter.swift; sourceTree = "<group>"; };
		49BC45D625B77BEC001CBE46 /* MovieListViewModel.swift */ = {isa = PBXFileReference; lastKnownFileType = sourcecode.swift; path = MovieListViewModel.swift; sourceTree = "<group>"; };
		49BC45D925B7842D001CBE46 /* MovieListUIComposer.swift */ = {isa = PBXFileReference; lastKnownFileType = sourcecode.swift; path = MovieListUIComposer.swift; sourceTree = "<group>"; };
		49BC45DB25B7845B001CBE46 /* MovieListLoaderPresentationAdapter.swift */ = {isa = PBXFileReference; lastKnownFileType = sourcecode.swift; path = MovieListLoaderPresentationAdapter.swift; sourceTree = "<group>"; };
		49BC45DF25B795B8001CBE46 /* ImageDateLoader.swift */ = {isa = PBXFileReference; lastKnownFileType = sourcecode.swift; path = ImageDateLoader.swift; sourceTree = "<group>"; };
		49CE7AE325B483DC00EBAE2A /* TheMovieApp.app */ = {isa = PBXFileReference; explicitFileType = wrapper.application; includeInIndex = 0; path = TheMovieApp.app; sourceTree = BUILT_PRODUCTS_DIR; };
		49CE7AE625B483DC00EBAE2A /* AppDelegate.swift */ = {isa = PBXFileReference; lastKnownFileType = sourcecode.swift; path = AppDelegate.swift; sourceTree = "<group>"; };
		49CE7AEA25B483DC00EBAE2A /* MovieListViewController.swift */ = {isa = PBXFileReference; lastKnownFileType = sourcecode.swift; path = MovieListViewController.swift; sourceTree = "<group>"; };
		49CE7AEF25B483DD00EBAE2A /* Assets.xcassets */ = {isa = PBXFileReference; lastKnownFileType = folder.assetcatalog; path = Assets.xcassets; sourceTree = "<group>"; };
		49CE7AF225B483DD00EBAE2A /* Base */ = {isa = PBXFileReference; lastKnownFileType = file.storyboard; name = Base; path = Base.lproj/LaunchScreen.storyboard; sourceTree = "<group>"; };
		49CE7AF425B483DD00EBAE2A /* Info.plist */ = {isa = PBXFileReference; lastKnownFileType = text.plist.xml; path = Info.plist; sourceTree = "<group>"; };
		49CE7AF925B483DD00EBAE2A /* TheMovieAppTests.xctest */ = {isa = PBXFileReference; explicitFileType = wrapper.cfbundle; includeInIndex = 0; path = TheMovieAppTests.xctest; sourceTree = BUILT_PRODUCTS_DIR; };
		49CE7AFF25B483DD00EBAE2A /* Info.plist */ = {isa = PBXFileReference; lastKnownFileType = text.plist.xml; path = Info.plist; sourceTree = "<group>"; };
		49CE7B0425B483DD00EBAE2A /* TheMovieAppUITests.xctest */ = {isa = PBXFileReference; explicitFileType = wrapper.cfbundle; includeInIndex = 0; path = TheMovieAppUITests.xctest; sourceTree = BUILT_PRODUCTS_DIR; };
		49CE7B0A25B483DD00EBAE2A /* Info.plist */ = {isa = PBXFileReference; lastKnownFileType = text.plist.xml; path = Info.plist; sourceTree = "<group>"; };
		49CE7B1625B4858A00EBAE2A /* AppDelegateTests.swift */ = {isa = PBXFileReference; lastKnownFileType = sourcecode.swift; path = AppDelegateTests.swift; sourceTree = "<group>"; };
		49CE7B1825B487D600EBAE2A /* TheMovieAppUITests.swift */ = {isa = PBXFileReference; lastKnownFileType = sourcecode.swift; path = TheMovieAppUITests.swift; sourceTree = "<group>"; };
		49D0543625B8B89500ED3CA5 /* SharedTestHelpers.swift */ = {isa = PBXFileReference; lastKnownFileType = sourcecode.swift; path = SharedTestHelpers.swift; sourceTree = "<group>"; };
		49D1175125B6726500F8669E /* MovieMapper.swift */ = {isa = PBXFileReference; lastKnownFileType = sourcecode.swift; path = MovieMapper.swift; sourceTree = "<group>"; };
		49D1175325B702A400F8669E /* JSONHelper.swift */ = {isa = PBXFileReference; lastKnownFileType = sourcecode.swift; path = JSONHelper.swift; sourceTree = "<group>"; };
		49D1175525B7039100F8669E /* MovieList.json */ = {isa = PBXFileReference; lastKnownFileType = text.json; path = MovieList.json; sourceTree = "<group>"; };
		49D1175D25B723E900F8669E /* XCTestCase+MemoryLeakTracking.swift */ = {isa = PBXFileReference; lastKnownFileType = sourcecode.swift; path = "XCTestCase+MemoryLeakTracking.swift"; sourceTree = "<group>"; };
		49D1175F25B7277A00F8669E /* MovieListDataSource.swift */ = {isa = PBXFileReference; lastKnownFileType = sourcecode.swift; path = MovieListDataSource.swift; sourceTree = "<group>"; };
		49D1176225B72C9A00F8669E /* MovieListDataSourceTests.swift */ = {isa = PBXFileReference; lastKnownFileType = sourcecode.swift; path = MovieListDataSourceTests.swift; sourceTree = "<group>"; };
		49D1176425B72E9B00F8669E /* Date+InitWithFormat.swift */ = {isa = PBXFileReference; lastKnownFileType = sourcecode.swift; path = "Date+InitWithFormat.swift"; sourceTree = "<group>"; };
		49D1176725B7452100F8669E /* UICollectionView+Utils.swift */ = {isa = PBXFileReference; lastKnownFileType = sourcecode.swift; path = "UICollectionView+Utils.swift"; sourceTree = "<group>"; };
		49E7C52525B5BDCA00BC95FB /* TMDBMovie.swift */ = {isa = PBXFileReference; lastKnownFileType = sourcecode.swift; path = TMDBMovie.swift; sourceTree = "<group>"; };
		49E7C52725B5BE1800BC95FB /* TMDBList.swift */ = {isa = PBXFileReference; lastKnownFileType = sourcecode.swift; path = TMDBList.swift; sourceTree = "<group>"; };
		49E7C52925B5BE3800BC95FB /* TMDBGenre.swift */ = {isa = PBXFileReference; lastKnownFileType = sourcecode.swift; path = TMDBGenre.swift; sourceTree = "<group>"; };
		49E7C52B25B5C50700BC95FB /* HTTPClient.swift */ = {isa = PBXFileReference; lastKnownFileType = sourcecode.swift; path = HTTPClient.swift; sourceTree = "<group>"; };
		49E7C52F25B5DBAD00BC95FB /* MovieListLoader.swift */ = {isa = PBXFileReference; lastKnownFileType = sourcecode.swift; path = MovieListLoader.swift; sourceTree = "<group>"; };
		49E7C53225B5E41900BC95FB /* Movie.swift */ = {isa = PBXFileReference; lastKnownFileType = sourcecode.swift; path = Movie.swift; sourceTree = "<group>"; };
		49E7C53425B5E4DC00BC95FB /* Genre.swift */ = {isa = PBXFileReference; lastKnownFileType = sourcecode.swift; path = Genre.swift; sourceTree = "<group>"; };
		49E7C53725B5EB6300BC95FB /* RemoteMovieListLoaderTests.swift */ = {isa = PBXFileReference; lastKnownFileType = sourcecode.swift; path = RemoteMovieListLoaderTests.swift; sourceTree = "<group>"; };
		49E7C53925B5EBFF00BC95FB /* RemoteMovieListLoader.swift */ = {isa = PBXFileReference; lastKnownFileType = sourcecode.swift; path = RemoteMovieListLoader.swift; sourceTree = "<group>"; };
/* End PBXFileReference section */

/* Begin PBXFrameworksBuildPhase section */
		49CE7AE025B483DC00EBAE2A /* Frameworks */ = {
			isa = PBXFrameworksBuildPhase;
			buildActionMask = 2147483647;
			files = (
			);
			runOnlyForDeploymentPostprocessing = 0;
		};
		49CE7AF625B483DD00EBAE2A /* Frameworks */ = {
			isa = PBXFrameworksBuildPhase;
			buildActionMask = 2147483647;
			files = (
			);
			runOnlyForDeploymentPostprocessing = 0;
		};
		49CE7B0125B483DD00EBAE2A /* Frameworks */ = {
			isa = PBXFrameworksBuildPhase;
			buildActionMask = 2147483647;
			files = (
			);
			runOnlyForDeploymentPostprocessing = 0;
		};
/* End PBXFrameworksBuildPhase section */

/* Begin PBXGroup section */
		4977187C25B89BAF00C7A806 /* Movie Presentation */ = {
			isa = PBXGroup;
			children = (
				4977187D25B89C1B00C7A806 /* MovieListPresenterTests.swift */,
			);
			path = "Movie Presentation";
			sourceTree = "<group>";
		};
		49BC45D825B7839C001CBE46 /* Composition */ = {
			isa = PBXGroup;
			children = (
				49BC45D925B7842D001CBE46 /* MovieListUIComposer.swift */,
				49BC45DB25B7845B001CBE46 /* MovieListLoaderPresentationAdapter.swift */,
				4977187325B87EE900C7A806 /* TMDBURLs.swift */,
			);
			path = Composition;
			sourceTree = "<group>";
		};
		49CE7ADA25B483DC00EBAE2A = {
			isa = PBXGroup;
			children = (
				49CE7AE525B483DC00EBAE2A /* TheMovieApp */,
				49CE7AFC25B483DD00EBAE2A /* TheMovieAppTests */,
				49CE7B0725B483DD00EBAE2A /* TheMovieAppUITests */,
				49CE7AE425B483DC00EBAE2A /* Products */,
			);
			sourceTree = "<group>";
		};
		49CE7AE425B483DC00EBAE2A /* Products */ = {
			isa = PBXGroup;
			children = (
				49CE7AE325B483DC00EBAE2A /* TheMovieApp.app */,
				49CE7AF925B483DD00EBAE2A /* TheMovieAppTests.xctest */,
				49CE7B0425B483DD00EBAE2A /* TheMovieAppUITests.xctest */,
			);
			name = Products;
			sourceTree = "<group>";
		};
		49CE7AE525B483DC00EBAE2A /* TheMovieApp */ = {
			isa = PBXGroup;
			children = (
				49E7C52E25B5D74700BC95FB /* Movie Feature */,
				49E7C52325B5BD9500BC95FB /* TMDB API */,
				49D1175A25B7215200F8669E /* Movie Presentation */,
				49D1175B25B7216900F8669E /* Movie UI */,
				49BC45D825B7839C001CBE46 /* Composition */,
				49CE7AE625B483DC00EBAE2A /* AppDelegate.swift */,
				49CE7AEF25B483DD00EBAE2A /* Assets.xcassets */,
				49CE7AF125B483DD00EBAE2A /* LaunchScreen.storyboard */,
				49CE7AF425B483DD00EBAE2A /* Info.plist */,
			);
			path = TheMovieApp;
			sourceTree = "<group>";
		};
		49CE7AFC25B483DD00EBAE2A /* TheMovieAppTests */ = {
			isa = PBXGroup;
			children = (
				49D1175C25B7239700F8669E /* Helpers */,
				49E7C52D25B5D69600BC95FB /* TMDB API */,
				49D1176125B72C1000F8669E /* Movie UI */,
				4977187C25B89BAF00C7A806 /* Movie Presentation */,
				49CE7B1625B4858A00EBAE2A /* AppDelegateTests.swift */,
				49CE7AFF25B483DD00EBAE2A /* Info.plist */,
			);
			path = TheMovieAppTests;
			sourceTree = "<group>";
		};
		49CE7B0725B483DD00EBAE2A /* TheMovieAppUITests */ = {
			isa = PBXGroup;
			children = (
				49CE7B1825B487D600EBAE2A /* TheMovieAppUITests.swift */,
				49CE7B0A25B483DD00EBAE2A /* Info.plist */,
			);
			path = TheMovieAppUITests;
			sourceTree = "<group>";
		};
		49D1175A25B7215200F8669E /* Movie Presentation */ = {
			isa = PBXGroup;
			children = (
				49BC45D425B77BCC001CBE46 /* MovieListPresenter.swift */,
				49BC45D625B77BEC001CBE46 /* MovieListViewModel.swift */,
				4977187925B88F9C00C7A806 /* Localizable.strings */,
				4977187A25B8916700C7A806 /* L10n.swift */,
			);
			path = "Movie Presentation";
			sourceTree = "<group>";
		};
		49D1175B25B7216900F8669E /* Movie UI */ = {
			isa = PBXGroup;
			children = (
				49D1176625B744D100F8669E /* Helpers */,
				49CE7AEA25B483DC00EBAE2A /* MovieListViewController.swift */,
				49D1175F25B7277A00F8669E /* MovieListDataSource.swift */,
				492EAF1225B7650E000EFB1E /* MovieCell.swift */,
				4977185425B866E500C7A806 /* MovieDetailsViewController.swift */,
				4977187125B8778700C7A806 /* MovieDetailsView.swift */,
			);
			path = "Movie UI";
			sourceTree = "<group>";
		};
		49D1175C25B7239700F8669E /* Helpers */ = {
			isa = PBXGroup;
			children = (
				49D1175325B702A400F8669E /* JSONHelper.swift */,
				49D1175D25B723E900F8669E /* XCTestCase+MemoryLeakTracking.swift */,
				49D1176425B72E9B00F8669E /* Date+InitWithFormat.swift */,
				49D0543625B8B89500ED3CA5 /* SharedTestHelpers.swift */,
			);
			path = Helpers;
			sourceTree = "<group>";
		};
		49D1176125B72C1000F8669E /* Movie UI */ = {
			isa = PBXGroup;
			children = (
				49D1176225B72C9A00F8669E /* MovieListDataSourceTests.swift */,
			);
			path = "Movie UI";
			sourceTree = "<group>";
		};
		49D1176625B744D100F8669E /* Helpers */ = {
			isa = PBXGroup;
			children = (
				49D1176725B7452100F8669E /* UICollectionView+Utils.swift */,
			);
			path = Helpers;
			sourceTree = "<group>";
		};
		49E7C52325B5BD9500BC95FB /* TMDB API */ = {
			isa = PBXGroup;
			children = (
				49E7C52425B5BDB300BC95FB /* Model */,
				49E7C52B25B5C50700BC95FB /* HTTPClient.swift */,
				49E7C53925B5EBFF00BC95FB /* RemoteMovieListLoader.swift */,
				49D1175125B6726500F8669E /* MovieMapper.swift */,
				49BC45D225B77AE9001CBE46 /* URLSessionHTTPClient.swift */,
				4977184E25B838CA00C7A806 /* RemoteImageDataLoader.swift */,
			);
			path = "TMDB API";
			sourceTree = "<group>";
		};
		49E7C52425B5BDB300BC95FB /* Model */ = {
			isa = PBXGroup;
			children = (
				49E7C52525B5BDCA00BC95FB /* TMDBMovie.swift */,
				49E7C52725B5BE1800BC95FB /* TMDBList.swift */,
				49E7C52925B5BE3800BC95FB /* TMDBGenre.swift */,
			);
			path = Model;
			sourceTree = "<group>";
		};
		49E7C52D25B5D69600BC95FB /* TMDB API */ = {
			isa = PBXGroup;
			children = (
				49D1175525B7039100F8669E /* MovieList.json */,
				49E7C53725B5EB6300BC95FB /* RemoteMovieListLoaderTests.swift */,
			);
			path = "TMDB API";
			sourceTree = "<group>";
		};
		49E7C52E25B5D74700BC95FB /* Movie Feature */ = {
			isa = PBXGroup;
			children = (
				49E7C53125B5E2E200BC95FB /* Model */,
				49E7C52F25B5DBAD00BC95FB /* MovieListLoader.swift */,
				49BC45DF25B795B8001CBE46 /* ImageDateLoader.swift */,
			);
			path = "Movie Feature";
			sourceTree = "<group>";
		};
		49E7C53125B5E2E200BC95FB /* Model */ = {
			isa = PBXGroup;
			children = (
				49E7C53225B5E41900BC95FB /* Movie.swift */,
				49E7C53425B5E4DC00BC95FB /* Genre.swift */,
			);
			path = Model;
			sourceTree = "<group>";
		};
/* End PBXGroup section */

/* Begin PBXNativeTarget section */
		49CE7AE225B483DC00EBAE2A /* TheMovieApp */ = {
			isa = PBXNativeTarget;
			buildConfigurationList = 49CE7B0D25B483DD00EBAE2A /* Build configuration list for PBXNativeTarget "TheMovieApp" */;
			buildPhases = (
				49CE7ADF25B483DC00EBAE2A /* Sources */,
				49CE7AE025B483DC00EBAE2A /* Frameworks */,
				49CE7AE125B483DC00EBAE2A /* Resources */,
			);
			buildRules = (
			);
			dependencies = (
			);
			name = TheMovieApp;
			productName = TheMovieApp;
			productReference = 49CE7AE325B483DC00EBAE2A /* TheMovieApp.app */;
			productType = "com.apple.product-type.application";
		};
		49CE7AF825B483DD00EBAE2A /* TheMovieAppTests */ = {
			isa = PBXNativeTarget;
			buildConfigurationList = 49CE7B1025B483DD00EBAE2A /* Build configuration list for PBXNativeTarget "TheMovieAppTests" */;
			buildPhases = (
				49CE7AF525B483DD00EBAE2A /* Sources */,
				49CE7AF625B483DD00EBAE2A /* Frameworks */,
				49CE7AF725B483DD00EBAE2A /* Resources */,
			);
			buildRules = (
			);
			dependencies = (
				49CE7AFB25B483DD00EBAE2A /* PBXTargetDependency */,
			);
			name = TheMovieAppTests;
			productName = TheMovieAppTests;
			productReference = 49CE7AF925B483DD00EBAE2A /* TheMovieAppTests.xctest */;
			productType = "com.apple.product-type.bundle.unit-test";
		};
		49CE7B0325B483DD00EBAE2A /* TheMovieAppUITests */ = {
			isa = PBXNativeTarget;
			buildConfigurationList = 49CE7B1325B483DD00EBAE2A /* Build configuration list for PBXNativeTarget "TheMovieAppUITests" */;
			buildPhases = (
				49CE7B0025B483DD00EBAE2A /* Sources */,
				49CE7B0125B483DD00EBAE2A /* Frameworks */,
				49CE7B0225B483DD00EBAE2A /* Resources */,
			);
			buildRules = (
			);
			dependencies = (
				49CE7B0625B483DD00EBAE2A /* PBXTargetDependency */,
			);
			name = TheMovieAppUITests;
			productName = TheMovieAppUITests;
			productReference = 49CE7B0425B483DD00EBAE2A /* TheMovieAppUITests.xctest */;
			productType = "com.apple.product-type.bundle.ui-testing";
		};
/* End PBXNativeTarget section */

/* Begin PBXProject section */
		49CE7ADB25B483DC00EBAE2A /* Project object */ = {
			isa = PBXProject;
			attributes = {
				BuildIndependentTargetsInParallel = YES;
				LastSwiftUpdateCheck = 1170;
				LastUpgradeCheck = 1530;
				ORGANIZATIONNAME = mduranx64;
				TargetAttributes = {
					49CE7AE225B483DC00EBAE2A = {
						CreatedOnToolsVersion = 11.7;
					};
					49CE7AF825B483DD00EBAE2A = {
						CreatedOnToolsVersion = 11.7;
						LastSwiftMigration = 1170;
						TestTargetID = 49CE7AE225B483DC00EBAE2A;
					};
					49CE7B0325B483DD00EBAE2A = {
						CreatedOnToolsVersion = 11.7;
						LastSwiftMigration = 1170;
						TestTargetID = 49CE7AE225B483DC00EBAE2A;
					};
				};
			};
			buildConfigurationList = 49CE7ADE25B483DC00EBAE2A /* Build configuration list for PBXProject "TheMovieApp" */;
			compatibilityVersion = "Xcode 9.3";
			developmentRegion = en;
			hasScannedForEncodings = 0;
			knownRegions = (
				en,
				Base,
			);
			mainGroup = 49CE7ADA25B483DC00EBAE2A;
			productRefGroup = 49CE7AE425B483DC00EBAE2A /* Products */;
			projectDirPath = "";
			projectRoot = "";
			targets = (
				49CE7AE225B483DC00EBAE2A /* TheMovieApp */,
				49CE7AF825B483DD00EBAE2A /* TheMovieAppTests */,
				49CE7B0325B483DD00EBAE2A /* TheMovieAppUITests */,
			);
		};
/* End PBXProject section */

/* Begin PBXResourcesBuildPhase section */
		49CE7AE125B483DC00EBAE2A /* Resources */ = {
			isa = PBXResourcesBuildPhase;
			buildActionMask = 2147483647;
			files = (
				49CE7AF325B483DD00EBAE2A /* LaunchScreen.storyboard in Resources */,
				4977187725B88F9C00C7A806 /* Localizable.strings in Resources */,
				49CE7AF025B483DD00EBAE2A /* Assets.xcassets in Resources */,
			);
			runOnlyForDeploymentPostprocessing = 0;
		};
		49CE7AF725B483DD00EBAE2A /* Resources */ = {
			isa = PBXResourcesBuildPhase;
			buildActionMask = 2147483647;
			files = (
				49D1175725B705E500F8669E /* MovieList.json in Resources */,
			);
			runOnlyForDeploymentPostprocessing = 0;
		};
		49CE7B0225B483DD00EBAE2A /* Resources */ = {
			isa = PBXResourcesBuildPhase;
			buildActionMask = 2147483647;
			files = (
			);
			runOnlyForDeploymentPostprocessing = 0;
		};
/* End PBXResourcesBuildPhase section */

/* Begin PBXSourcesBuildPhase section */
		49CE7ADF25B483DC00EBAE2A /* Sources */ = {
			isa = PBXSourcesBuildPhase;
			buildActionMask = 2147483647;
			files = (
				49BC45E025B795B8001CBE46 /* ImageDateLoader.swift in Sources */,
				49BC45DC25B7845B001CBE46 /* MovieListLoaderPresentationAdapter.swift in Sources */,
				4977184F25B838CA00C7A806 /* RemoteImageDataLoader.swift in Sources */,
				4977187225B8778700C7A806 /* MovieDetailsView.swift in Sources */,
				49BC45DA25B7842D001CBE46 /* MovieListUIComposer.swift in Sources */,
				492EAF1325B7650E000EFB1E /* MovieCell.swift in Sources */,
				49BC45D725B77BEC001CBE46 /* MovieListViewModel.swift in Sources */,
				49E7C53525B5E4DD00BC95FB /* Genre.swift in Sources */,
				49D1175225B6726500F8669E /* MovieMapper.swift in Sources */,
				49CE7AEB25B483DC00EBAE2A /* MovieListViewController.swift in Sources */,
				49CE7AE725B483DC00EBAE2A /* AppDelegate.swift in Sources */,
				49E7C52C25B5C50700BC95FB /* HTTPClient.swift in Sources */,
				49D1176825B7452100F8669E /* UICollectionView+Utils.swift in Sources */,
				49BC45D525B77BCC001CBE46 /* MovieListPresenter.swift in Sources */,
				49E7C52825B5BE1800BC95FB /* TMDBList.swift in Sources */,
				49E7C52625B5BDCB00BC95FB /* TMDBMovie.swift in Sources */,
				49E7C53025B5DBAD00BC95FB /* MovieListLoader.swift in Sources */,
				4977185525B866E500C7A806 /* MovieDetailsViewController.swift in Sources */,
				49E7C53A25B5EBFF00BC95FB /* RemoteMovieListLoader.swift in Sources */,
				49BC45D325B77AE9001CBE46 /* URLSessionHTTPClient.swift in Sources */,
				49E7C53325B5E41900BC95FB /* Movie.swift in Sources */,
				49E7C52A25B5BE3800BC95FB /* TMDBGenre.swift in Sources */,
				4977187425B87EE900C7A806 /* TMDBURLs.swift in Sources */,
				49D1176025B7277A00F8669E /* MovieListDataSource.swift in Sources */,
				4977187B25B8916700C7A806 /* L10n.swift in Sources */,
			);
			runOnlyForDeploymentPostprocessing = 0;
		};
		49CE7AF525B483DD00EBAE2A /* Sources */ = {
			isa = PBXSourcesBuildPhase;
			buildActionMask = 2147483647;
			files = (
				49D1175825B7132C00F8669E /* JSONHelper.swift in Sources */,
				49D1175E25B723E900F8669E /* XCTestCase+MemoryLeakTracking.swift in Sources */,
				49D1176525B72E9B00F8669E /* Date+InitWithFormat.swift in Sources */,
				49E7C53825B5EB6300BC95FB /* RemoteMovieListLoaderTests.swift in Sources */,
				49D0543725B8B89500ED3CA5 /* SharedTestHelpers.swift in Sources */,
				4977187E25B89C1B00C7A806 /* MovieListPresenterTests.swift in Sources */,
				49D1176325B72C9A00F8669E /* MovieListDataSourceTests.swift in Sources */,
				49CE7B1725B4858A00EBAE2A /* AppDelegateTests.swift in Sources */,
			);
			runOnlyForDeploymentPostprocessing = 0;
		};
		49CE7B0025B483DD00EBAE2A /* Sources */ = {
			isa = PBXSourcesBuildPhase;
			buildActionMask = 2147483647;
			files = (
				49CE7B1925B487D600EBAE2A /* TheMovieAppUITests.swift in Sources */,
			);
			runOnlyForDeploymentPostprocessing = 0;
		};
/* End PBXSourcesBuildPhase section */

/* Begin PBXTargetDependency section */
		49CE7AFB25B483DD00EBAE2A /* PBXTargetDependency */ = {
			isa = PBXTargetDependency;
			target = 49CE7AE225B483DC00EBAE2A /* TheMovieApp */;
			targetProxy = 49CE7AFA25B483DD00EBAE2A /* PBXContainerItemProxy */;
		};
		49CE7B0625B483DD00EBAE2A /* PBXTargetDependency */ = {
			isa = PBXTargetDependency;
			target = 49CE7AE225B483DC00EBAE2A /* TheMovieApp */;
			targetProxy = 49CE7B0525B483DD00EBAE2A /* PBXContainerItemProxy */;
		};
/* End PBXTargetDependency section */

/* Begin PBXVariantGroup section */
		4977187925B88F9C00C7A806 /* Localizable.strings */ = {
			isa = PBXVariantGroup;
			children = (
				4977187825B88F9C00C7A806 /* en */,
			);
			name = Localizable.strings;
			sourceTree = "<group>";
		};
		49CE7AF125B483DD00EBAE2A /* LaunchScreen.storyboard */ = {
			isa = PBXVariantGroup;
			children = (
				49CE7AF225B483DD00EBAE2A /* Base */,
			);
			name = LaunchScreen.storyboard;
			sourceTree = "<group>";
		};
/* End PBXVariantGroup section */

/* Begin XCBuildConfiguration section */
		49CE7B0B25B483DD00EBAE2A /* Debug */ = {
			isa = XCBuildConfiguration;
			buildSettings = {
				ALWAYS_SEARCH_USER_PATHS = NO;
				ASSETCATALOG_COMPILER_GENERATE_SWIFT_ASSET_SYMBOL_EXTENSIONS = YES;
				CLANG_ANALYZER_NONNULL = YES;
				CLANG_ANALYZER_NUMBER_OBJECT_CONVERSION = YES_AGGRESSIVE;
				CLANG_CXX_LANGUAGE_STANDARD = "gnu++14";
				CLANG_CXX_LIBRARY = "libc++";
				CLANG_ENABLE_MODULES = YES;
				CLANG_ENABLE_OBJC_ARC = YES;
				CLANG_ENABLE_OBJC_WEAK = YES;
				CLANG_WARN_BLOCK_CAPTURE_AUTORELEASING = YES;
				CLANG_WARN_BOOL_CONVERSION = YES;
				CLANG_WARN_COMMA = YES;
				CLANG_WARN_CONSTANT_CONVERSION = YES;
				CLANG_WARN_DEPRECATED_OBJC_IMPLEMENTATIONS = YES;
				CLANG_WARN_DIRECT_OBJC_ISA_USAGE = YES_ERROR;
				CLANG_WARN_DOCUMENTATION_COMMENTS = YES;
				CLANG_WARN_EMPTY_BODY = YES;
				CLANG_WARN_ENUM_CONVERSION = YES;
				CLANG_WARN_INFINITE_RECURSION = YES;
				CLANG_WARN_INT_CONVERSION = YES;
				CLANG_WARN_NON_LITERAL_NULL_CONVERSION = YES;
				CLANG_WARN_OBJC_IMPLICIT_RETAIN_SELF = YES;
				CLANG_WARN_OBJC_LITERAL_CONVERSION = YES;
				CLANG_WARN_OBJC_ROOT_CLASS = YES_ERROR;
				CLANG_WARN_QUOTED_INCLUDE_IN_FRAMEWORK_HEADER = YES;
				CLANG_WARN_RANGE_LOOP_ANALYSIS = YES;
				CLANG_WARN_STRICT_PROTOTYPES = YES;
				CLANG_WARN_SUSPICIOUS_MOVE = YES;
				CLANG_WARN_UNGUARDED_AVAILABILITY = YES_AGGRESSIVE;
				CLANG_WARN_UNREACHABLE_CODE = YES;
				CLANG_WARN__DUPLICATE_METHOD_MATCH = YES;
				COPY_PHASE_STRIP = NO;
				DEBUG_INFORMATION_FORMAT = dwarf;
				ENABLE_STRICT_OBJC_MSGSEND = YES;
				ENABLE_TESTABILITY = YES;
				ENABLE_USER_SCRIPT_SANDBOXING = YES;
				GCC_C_LANGUAGE_STANDARD = gnu11;
				GCC_DYNAMIC_NO_PIC = NO;
				GCC_NO_COMMON_BLOCKS = YES;
				GCC_OPTIMIZATION_LEVEL = 0;
				GCC_PREPROCESSOR_DEFINITIONS = (
					"DEBUG=1",
					"$(inherited)",
				);
				GCC_WARN_64_TO_32_BIT_CONVERSION = YES;
				GCC_WARN_ABOUT_RETURN_TYPE = YES_ERROR;
				GCC_WARN_UNDECLARED_SELECTOR = YES;
				GCC_WARN_UNINITIALIZED_AUTOS = YES_AGGRESSIVE;
				GCC_WARN_UNUSED_FUNCTION = YES;
				GCC_WARN_UNUSED_VARIABLE = YES;
				IPHONEOS_DEPLOYMENT_TARGET = 13.0;
				MTL_ENABLE_DEBUG_INFO = INCLUDE_SOURCE;
				MTL_FAST_MATH = YES;
				ONLY_ACTIVE_ARCH = YES;
				SDKROOT = iphoneos;
				SWIFT_ACTIVE_COMPILATION_CONDITIONS = DEBUG;
				SWIFT_OPTIMIZATION_LEVEL = "-Onone";
			};
			name = Debug;
		};
		49CE7B0C25B483DD00EBAE2A /* Release */ = {
			isa = XCBuildConfiguration;
			buildSettings = {
				ALWAYS_SEARCH_USER_PATHS = NO;
				ASSETCATALOG_COMPILER_GENERATE_SWIFT_ASSET_SYMBOL_EXTENSIONS = YES;
				CLANG_ANALYZER_NONNULL = YES;
				CLANG_ANALYZER_NUMBER_OBJECT_CONVERSION = YES_AGGRESSIVE;
				CLANG_CXX_LANGUAGE_STANDARD = "gnu++14";
				CLANG_CXX_LIBRARY = "libc++";
				CLANG_ENABLE_MODULES = YES;
				CLANG_ENABLE_OBJC_ARC = YES;
				CLANG_ENABLE_OBJC_WEAK = YES;
				CLANG_WARN_BLOCK_CAPTURE_AUTORELEASING = YES;
				CLANG_WARN_BOOL_CONVERSION = YES;
				CLANG_WARN_COMMA = YES;
				CLANG_WARN_CONSTANT_CONVERSION = YES;
				CLANG_WARN_DEPRECATED_OBJC_IMPLEMENTATIONS = YES;
				CLANG_WARN_DIRECT_OBJC_ISA_USAGE = YES_ERROR;
				CLANG_WARN_DOCUMENTATION_COMMENTS = YES;
				CLANG_WARN_EMPTY_BODY = YES;
				CLANG_WARN_ENUM_CONVERSION = YES;
				CLANG_WARN_INFINITE_RECURSION = YES;
				CLANG_WARN_INT_CONVERSION = YES;
				CLANG_WARN_NON_LITERAL_NULL_CONVERSION = YES;
				CLANG_WARN_OBJC_IMPLICIT_RETAIN_SELF = YES;
				CLANG_WARN_OBJC_LITERAL_CONVERSION = YES;
				CLANG_WARN_OBJC_ROOT_CLASS = YES_ERROR;
				CLANG_WARN_QUOTED_INCLUDE_IN_FRAMEWORK_HEADER = YES;
				CLANG_WARN_RANGE_LOOP_ANALYSIS = YES;
				CLANG_WARN_STRICT_PROTOTYPES = YES;
				CLANG_WARN_SUSPICIOUS_MOVE = YES;
				CLANG_WARN_UNGUARDED_AVAILABILITY = YES_AGGRESSIVE;
				CLANG_WARN_UNREACHABLE_CODE = YES;
				CLANG_WARN__DUPLICATE_METHOD_MATCH = YES;
				COPY_PHASE_STRIP = NO;
				DEBUG_INFORMATION_FORMAT = "dwarf-with-dsym";
				ENABLE_NS_ASSERTIONS = NO;
				ENABLE_STRICT_OBJC_MSGSEND = YES;
				ENABLE_USER_SCRIPT_SANDBOXING = YES;
				GCC_C_LANGUAGE_STANDARD = gnu11;
				GCC_NO_COMMON_BLOCKS = YES;
				GCC_WARN_64_TO_32_BIT_CONVERSION = YES;
				GCC_WARN_ABOUT_RETURN_TYPE = YES_ERROR;
				GCC_WARN_UNDECLARED_SELECTOR = YES;
				GCC_WARN_UNINITIALIZED_AUTOS = YES_AGGRESSIVE;
				GCC_WARN_UNUSED_FUNCTION = YES;
				GCC_WARN_UNUSED_VARIABLE = YES;
				IPHONEOS_DEPLOYMENT_TARGET = 13.0;
				MTL_ENABLE_DEBUG_INFO = NO;
				MTL_FAST_MATH = YES;
				SDKROOT = iphoneos;
				SWIFT_COMPILATION_MODE = wholemodule;
				SWIFT_OPTIMIZATION_LEVEL = "-O";
				VALIDATE_PRODUCT = YES;
			};
			name = Release;
		};
		49CE7B0E25B483DD00EBAE2A /* Debug */ = {
			isa = XCBuildConfiguration;
			buildSettings = {
				ASSETCATALOG_COMPILER_APPICON_NAME = AppIcon;
				CODE_SIGN_STYLE = Automatic;
				DEVELOPMENT_TEAM = 2FQBYA7PMR;
				INFOPLIST_FILE = TheMovieApp/Info.plist;
				IPHONEOS_DEPLOYMENT_TARGET = 13.0;
				LD_RUNPATH_SEARCH_PATHS = (
					"$(inherited)",
					"@executable_path/Frameworks",
				);
				PRODUCT_BUNDLE_IDENTIFIER = com.mduranx64.TheMovieApp;
				PRODUCT_NAME = "$(TARGET_NAME)";
				SWIFT_VERSION = 5.0;
				TARGETED_DEVICE_FAMILY = 1;
			};
			name = Debug;
		};
		49CE7B0F25B483DD00EBAE2A /* Release */ = {
			isa = XCBuildConfiguration;
			buildSettings = {
				ASSETCATALOG_COMPILER_APPICON_NAME = AppIcon;
				CODE_SIGN_STYLE = Automatic;
				DEVELOPMENT_TEAM = 2FQBYA7PMR;
				INFOPLIST_FILE = TheMovieApp/Info.plist;
				IPHONEOS_DEPLOYMENT_TARGET = 13.0;
				LD_RUNPATH_SEARCH_PATHS = (
					"$(inherited)",
					"@executable_path/Frameworks",
				);
				PRODUCT_BUNDLE_IDENTIFIER = com.mduranx64.TheMovieApp;
				PRODUCT_NAME = "$(TARGET_NAME)";
				SWIFT_VERSION = 5.0;
				TARGETED_DEVICE_FAMILY = 1;
			};
			name = Release;
		};
		49CE7B1125B483DD00EBAE2A /* Debug */ = {
			isa = XCBuildConfiguration;
			buildSettings = {
				ALWAYS_EMBED_SWIFT_STANDARD_LIBRARIES = YES;
				BUNDLE_LOADER = "$(TEST_HOST)";
				CLANG_ENABLE_MODULES = YES;
				CODE_SIGN_STYLE = Automatic;
				DEVELOPMENT_TEAM = 2FQBYA7PMR;
				INFOPLIST_FILE = TheMovieAppTests/Info.plist;
				IPHONEOS_DEPLOYMENT_TARGET = 13.0;
				LD_RUNPATH_SEARCH_PATHS = (
					"$(inherited)",
					"@executable_path/Frameworks",
					"@loader_path/Frameworks",
				);
				PRODUCT_BUNDLE_IDENTIFIER = com.mduranx64.TheMovieAppTests;
				PRODUCT_NAME = "$(TARGET_NAME)";
				SWIFT_OPTIMIZATION_LEVEL = "-Onone";
				SWIFT_VERSION = 5.0;
				TARGETED_DEVICE_FAMILY = 1;
				TEST_HOST = "$(BUILT_PRODUCTS_DIR)/TheMovieApp.app/TheMovieApp";
			};
			name = Debug;
		};
		49CE7B1225B483DD00EBAE2A /* Release */ = {
			isa = XCBuildConfiguration;
			buildSettings = {
				ALWAYS_EMBED_SWIFT_STANDARD_LIBRARIES = YES;
				BUNDLE_LOADER = "$(TEST_HOST)";
				CLANG_ENABLE_MODULES = YES;
				CODE_SIGN_STYLE = Automatic;
				DEVELOPMENT_TEAM = 2FQBYA7PMR;
				INFOPLIST_FILE = TheMovieAppTests/Info.plist;
				IPHONEOS_DEPLOYMENT_TARGET = 13.0;
				LD_RUNPATH_SEARCH_PATHS = (
					"$(inherited)",
					"@executable_path/Frameworks",
					"@loader_path/Frameworks",
				);
				PRODUCT_BUNDLE_IDENTIFIER = com.mduranx64.TheMovieAppTests;
				PRODUCT_NAME = "$(TARGET_NAME)";
				SWIFT_VERSION = 5.0;
				TARGETED_DEVICE_FAMILY = 1;
				TEST_HOST = "$(BUILT_PRODUCTS_DIR)/TheMovieApp.app/TheMovieApp";
			};
			name = Release;
		};
		49CE7B1425B483DD00EBAE2A /* Debug */ = {
			isa = XCBuildConfiguration;
			buildSettings = {
				ALWAYS_EMBED_SWIFT_STANDARD_LIBRARIES = YES;
				CLANG_ENABLE_MODULES = YES;
				CODE_SIGN_STYLE = Automatic;
				DEVELOPMENT_TEAM = 2FQBYA7PMR;
				INFOPLIST_FILE = TheMovieAppUITests/Info.plist;
				LD_RUNPATH_SEARCH_PATHS = (
					"$(inherited)",
					"@executable_path/Frameworks",
					"@loader_path/Frameworks",
				);
				PRODUCT_BUNDLE_IDENTIFIER = com.mduranx64.TheMovieAppUITests;
				PRODUCT_NAME = "$(TARGET_NAME)";
				SWIFT_OPTIMIZATION_LEVEL = "-Onone";
				SWIFT_VERSION = 5.0;
				TARGETED_DEVICE_FAMILY = 1;
				TEST_TARGET_NAME = TheMovieApp;
			};
			name = Debug;
		};
		49CE7B1525B483DD00EBAE2A /* Release */ = {
			isa = XCBuildConfiguration;
			buildSettings = {
				ALWAYS_EMBED_SWIFT_STANDARD_LIBRARIES = YES;
				CLANG_ENABLE_MODULES = YES;
				CODE_SIGN_STYLE = Automatic;
				DEVELOPMENT_TEAM = 2FQBYA7PMR;
				INFOPLIST_FILE = TheMovieAppUITests/Info.plist;
				LD_RUNPATH_SEARCH_PATHS = (
					"$(inherited)",
					"@executable_path/Frameworks",
					"@loader_path/Frameworks",
				);
				PRODUCT_BUNDLE_IDENTIFIER = com.mduranx64.TheMovieAppUITests;
				PRODUCT_NAME = "$(TARGET_NAME)";
				SWIFT_VERSION = 5.0;
				TARGETED_DEVICE_FAMILY = 1;
				TEST_TARGET_NAME = TheMovieApp;
			};
			name = Release;
		};
/* End XCBuildConfiguration section */

/* Begin XCConfigurationList section */
		49CE7ADE25B483DC00EBAE2A /* Build configuration list for PBXProject "TheMovieApp" */ = {
			isa = XCConfigurationList;
			buildConfigurations = (
				49CE7B0B25B483DD00EBAE2A /* Debug */,
				49CE7B0C25B483DD00EBAE2A /* Release */,
			);
			defaultConfigurationIsVisible = 0;
			defaultConfigurationName = Release;
		};
		49CE7B0D25B483DD00EBAE2A /* Build configuration list for PBXNativeTarget "TheMovieApp" */ = {
			isa = XCConfigurationList;
			buildConfigurations = (
				49CE7B0E25B483DD00EBAE2A /* Debug */,
				49CE7B0F25B483DD00EBAE2A /* Release */,
			);
			defaultConfigurationIsVisible = 0;
			defaultConfigurationName = Release;
		};
		49CE7B1025B483DD00EBAE2A /* Build configuration list for PBXNativeTarget "TheMovieAppTests" */ = {
			isa = XCConfigurationList;
			buildConfigurations = (
				49CE7B1125B483DD00EBAE2A /* Debug */,
				49CE7B1225B483DD00EBAE2A /* Release */,
			);
			defaultConfigurationIsVisible = 0;
			defaultConfigurationName = Release;
		};
		49CE7B1325B483DD00EBAE2A /* Build configuration list for PBXNativeTarget "TheMovieAppUITests" */ = {
			isa = XCConfigurationList;
			buildConfigurations = (
				49CE7B1425B483DD00EBAE2A /* Debug */,
				49CE7B1525B483DD00EBAE2A /* Release */,
			);
			defaultConfigurationIsVisible = 0;
			defaultConfigurationName = Release;
		};
/* End XCConfigurationList section */
	};
	rootObject = 49CE7ADB25B483DC00EBAE2A /* Project object */;
}
